
Microsoft Visual Studio Solution File, Format Version 12.00
# Visual Studio Version 17
VisualStudioVersion = 17.12.35707.178 d17.12
MinimumVisualStudioVersion = 10.0.40219.1
Project("{FAE04EC0-301F-11D3-BF4B-00C04F79EFBC}") = "ContactManager", "ContactManager\ContactManager.csproj", "{159442EA-EB7E-4FBF-AB4C-B2B62B771BF9}"
EndProject
Project("{FAE04EC0-301F-11D3-BF4B-00C04F79EFBC}") = "ContactManagerAPI", "ContactManagerAPI\ContactManagerAPI.csproj", "{01C1FDBC-49CB-4E59-BBA9-688DC1BEF611}"
EndProject
Global
	GlobalSection(SolutionConfigurationPlatforms) = preSolution
		Debug|Any CPU = Debug|Any CPU
		Release|Any CPU = Release|Any CPU
	EndGlobalSection
	GlobalSection(ProjectConfigurationPlatforms) = postSolution
		{159442EA-EB7E-4FBF-AB4C-B2B62B771BF9}.Debug|Any CPU.ActiveCfg = Debug|Any CPU
		{159442EA-EB7E-4FBF-AB4C-B2B62B771BF9}.Debug|Any CPU.Build.0 = Debug|Any CPU
		{159442EA-EB7E-4FBF-AB4C-B2B62B771BF9}.Release|Any CPU.ActiveCfg = Release|Any CPU
		{159442EA-EB7E-4FBF-AB4C-B2B62B771BF9}.Release|Any CPU.Build.0 = Release|Any CPU
		{01C1FDBC-49CB-4E59-BBA9-688DC1BEF611}.Debug|Any CPU.ActiveCfg = Debug|Any CPU
		{01C1FDBC-49CB-4E59-BBA9-688DC1BEF611}.Debug|Any CPU.Build.0 = Debug|Any CPU
		{01C1FDBC-49CB-4E59-BBA9-688DC1BEF611}.Release|Any CPU.ActiveCfg = Release|Any CPU
		{01C1FDBC-49CB-4E59-BBA9-688DC1BEF611}.Release|Any CPU.Build.0 = Release|Any CPU
	EndGlobalSection
	GlobalSection(SolutionProperties) = preSolution
		HideSolutionNode = FALSE
	EndGlobalSection
EndGlobal
